// !$*UTF8*$!
{
	archiveVersion = 1;
	classes = {
	};
	objectVersion = 55;
	objects = {

/* Begin PBXBuildFile section */
		024928D22750136D002FAA46 /* GameView.swift in Sources */ = {isa = PBXBuildFile; fileRef = 024928D12750136D002FAA46 /* GameView.swift */; };
		024928D32750136D002FAA46 /* GameView.swift in Sources */ = {isa = PBXBuildFile; fileRef = 024928D12750136D002FAA46 /* GameView.swift */; };
		024928D5275013CD002FAA46 /* ContentView.swift in Sources */ = {isa = PBXBuildFile; fileRef = 024928D4275013CD002FAA46 /* ContentView.swift */; };
		024928D6275013CD002FAA46 /* ContentView.swift in Sources */ = {isa = PBXBuildFile; fileRef = 024928D4275013CD002FAA46 /* ContentView.swift */; };
		024928D827501414002FAA46 /* GameViewModel.swift in Sources */ = {isa = PBXBuildFile; fileRef = 024928D727501414002FAA46 /* GameViewModel.swift */; };
		024928D927501414002FAA46 /* GameViewModel.swift in Sources */ = {isa = PBXBuildFile; fileRef = 024928D727501414002FAA46 /* GameViewModel.swift */; };
		024928DB27501599002FAA46 /* KeyboardViewModel.swift in Sources */ = {isa = PBXBuildFile; fileRef = 024928DA27501599002FAA46 /* KeyboardViewModel.swift */; };
		024928DC27501599002FAA46 /* KeyboardViewModel.swift in Sources */ = {isa = PBXBuildFile; fileRef = 024928DA27501599002FAA46 /* KeyboardViewModel.swift */; };
		024928E127501828002FAA46 /* WordViewModel.swift in Sources */ = {isa = PBXBuildFile; fileRef = 024928E027501828002FAA46 /* WordViewModel.swift */; };
		024928E227501828002FAA46 /* WordViewModel.swift in Sources */ = {isa = PBXBuildFile; fileRef = 024928E027501828002FAA46 /* WordViewModel.swift */; };
		029A7DA5274F69EF00C3FD1B /* WordView.swift in Sources */ = {isa = PBXBuildFile; fileRef = 029A7DA4274F69EF00C3FD1B /* WordView.swift */; };
		029A7DA6274F69EF00C3FD1B /* WordView.swift in Sources */ = {isa = PBXBuildFile; fileRef = 029A7DA4274F69EF00C3FD1B /* WordView.swift */; };
		02EEF167274A08E100DDABD9 /* Tests_iOS.swift in Sources */ = {isa = PBXBuildFile; fileRef = 02EEF166274A08E100DDABD9 /* Tests_iOS.swift */; };
		02EEF169274A08E100DDABD9 /* Tests_iOSLaunchTests.swift in Sources */ = {isa = PBXBuildFile; fileRef = 02EEF168274A08E100DDABD9 /* Tests_iOSLaunchTests.swift */; };
		02EEF173274A08E100DDABD9 /* Tests_macOS.swift in Sources */ = {isa = PBXBuildFile; fileRef = 02EEF172274A08E100DDABD9 /* Tests_macOS.swift */; };
		02EEF175274A08E100DDABD9 /* Tests_macOSLaunchTests.swift in Sources */ = {isa = PBXBuildFile; fileRef = 02EEF174274A08E100DDABD9 /* Tests_macOSLaunchTests.swift */; };
		02EEF176274A08E100DDABD9 /* keyboardGameApp.swift in Sources */ = {isa = PBXBuildFile; fileRef = 02EEF14E274A08E100DDABD9 /* keyboardGameApp.swift */; };
		02EEF177274A08E100DDABD9 /* keyboardGameApp.swift in Sources */ = {isa = PBXBuildFile; fileRef = 02EEF14E274A08E100DDABD9 /* keyboardGameApp.swift */; };
		02EEF178274A08E100DDABD9 /* KeyboardView.swift in Sources */ = {isa = PBXBuildFile; fileRef = 02EEF14F274A08E100DDABD9 /* KeyboardView.swift */; };
		02EEF179274A08E100DDABD9 /* KeyboardView.swift in Sources */ = {isa = PBXBuildFile; fileRef = 02EEF14F274A08E100DDABD9 /* KeyboardView.swift */; };
		02EEF17A274A08E100DDABD9 /* Assets.xcassets in Resources */ = {isa = PBXBuildFile; fileRef = 02EEF150274A08E100DDABD9 /* Assets.xcassets */; };
		02EEF17B274A08E100DDABD9 /* Assets.xcassets in Resources */ = {isa = PBXBuildFile; fileRef = 02EEF150274A08E100DDABD9 /* Assets.xcassets */; };
		02EEF18B274A0AAE00DDABD9 /* Keyboard.swift in Sources */ = {isa = PBXBuildFile; fileRef = 02EEF18A274A0AAE00DDABD9 /* Keyboard.swift */; };
		02EEF18C274A0AAE00DDABD9 /* Keyboard.swift in Sources */ = {isa = PBXBuildFile; fileRef = 02EEF18A274A0AAE00DDABD9 /* Keyboard.swift */; };
/* End PBXBuildFile section */

/* Begin PBXContainerItemProxy section */
		02EEF163274A08E100DDABD9 /* PBXContainerItemProxy */ = {
			isa = PBXContainerItemProxy;
			containerPortal = 02EEF149274A08E100DDABD9 /* Project object */;
			proxyType = 1;
			remoteGlobalIDString = 02EEF154274A08E100DDABD9;
			remoteInfo = "keyboardGame (iOS)";
		};
		02EEF16F274A08E100DDABD9 /* PBXContainerItemProxy */ = {
			isa = PBXContainerItemProxy;
			containerPortal = 02EEF149274A08E100DDABD9 /* Project object */;
			proxyType = 1;
			remoteGlobalIDString = 02EEF15A274A08E100DDABD9;
			remoteInfo = "keyboardGame (macOS)";
		};
/* End PBXContainerItemProxy section */

/* Begin PBXFileReference section */
		024928D12750136D002FAA46 /* GameView.swift */ = {isa = PBXFileReference; lastKnownFileType = sourcecode.swift; path = GameView.swift; sourceTree = "<group>"; };
		024928D4275013CD002FAA46 /* ContentView.swift */ = {isa = PBXFileReference; lastKnownFileType = sourcecode.swift; path = ContentView.swift; sourceTree = "<group>"; };
		024928D727501414002FAA46 /* GameViewModel.swift */ = {isa = PBXFileReference; lastKnownFileType = sourcecode.swift; path = GameViewModel.swift; sourceTree = "<group>"; };
		024928DA27501599002FAA46 /* KeyboardViewModel.swift */ = {isa = PBXFileReference; lastKnownFileType = sourcecode.swift; path = KeyboardViewModel.swift; sourceTree = "<group>"; };
		024928E027501828002FAA46 /* WordViewModel.swift */ = {isa = PBXFileReference; lastKnownFileType = sourcecode.swift; path = WordViewModel.swift; sourceTree = "<group>"; };
		029A7DA4274F69EF00C3FD1B /* WordView.swift */ = {isa = PBXFileReference; lastKnownFileType = sourcecode.swift; path = WordView.swift; sourceTree = "<group>"; };
		02EEF14E274A08E100DDABD9 /* keyboardGameApp.swift */ = {isa = PBXFileReference; lastKnownFileType = sourcecode.swift; path = keyboardGameApp.swift; sourceTree = "<group>"; };
		02EEF14F274A08E100DDABD9 /* KeyboardView.swift */ = {isa = PBXFileReference; lastKnownFileType = sourcecode.swift; path = KeyboardView.swift; sourceTree = "<group>"; };
		02EEF150274A08E100DDABD9 /* Assets.xcassets */ = {isa = PBXFileReference; lastKnownFileType = folder.assetcatalog; path = Assets.xcassets; sourceTree = "<group>"; };
		02EEF155274A08E100DDABD9 /* keyboardGame.app */ = {isa = PBXFileReference; explicitFileType = wrapper.application; includeInIndex = 0; path = keyboardGame.app; sourceTree = BUILT_PRODUCTS_DIR; };
		02EEF15B274A08E100DDABD9 /* keyboardGame.app */ = {isa = PBXFileReference; explicitFileType = wrapper.application; includeInIndex = 0; path = keyboardGame.app; sourceTree = BUILT_PRODUCTS_DIR; };
		02EEF15D274A08E100DDABD9 /* macOS.entitlements */ = {isa = PBXFileReference; lastKnownFileType = text.plist.entitlements; path = macOS.entitlements; sourceTree = "<group>"; };
		02EEF162274A08E100DDABD9 /* Tests iOS.xctest */ = {isa = PBXFileReference; explicitFileType = wrapper.cfbundle; includeInIndex = 0; path = "Tests iOS.xctest"; sourceTree = BUILT_PRODUCTS_DIR; };
		02EEF166274A08E100DDABD9 /* Tests_iOS.swift */ = {isa = PBXFileReference; lastKnownFileType = sourcecode.swift; path = Tests_iOS.swift; sourceTree = "<group>"; };
		02EEF168274A08E100DDABD9 /* Tests_iOSLaunchTests.swift */ = {isa = PBXFileReference; lastKnownFileType = sourcecode.swift; path = Tests_iOSLaunchTests.swift; sourceTree = "<group>"; };
		02EEF16E274A08E100DDABD9 /* Tests macOS.xctest */ = {isa = PBXFileReference; explicitFileType = wrapper.cfbundle; includeInIndex = 0; path = "Tests macOS.xctest"; sourceTree = BUILT_PRODUCTS_DIR; };
		02EEF172274A08E100DDABD9 /* Tests_macOS.swift */ = {isa = PBXFileReference; lastKnownFileType = sourcecode.swift; path = Tests_macOS.swift; sourceTree = "<group>"; };
		02EEF174274A08E100DDABD9 /* Tests_macOSLaunchTests.swift */ = {isa = PBXFileReference; lastKnownFileType = sourcecode.swift; path = Tests_macOSLaunchTests.swift; sourceTree = "<group>"; };
		02EEF18A274A0AAE00DDABD9 /* Keyboard.swift */ = {isa = PBXFileReference; lastKnownFileType = sourcecode.swift; path = Keyboard.swift; sourceTree = "<group>"; };
/* End PBXFileReference section */

/* Begin PBXFrameworksBuildPhase section */
		02EEF152274A08E100DDABD9 /* Frameworks */ = {
			isa = PBXFrameworksBuildPhase;
			buildActionMask = 2147483647;
			files = (
			);
			runOnlyForDeploymentPostprocessing = 0;
		};
		02EEF158274A08E100DDABD9 /* Frameworks */ = {
			isa = PBXFrameworksBuildPhase;
			buildActionMask = 2147483647;
			files = (
			);
			runOnlyForDeploymentPostprocessing = 0;
		};
		02EEF15F274A08E100DDABD9 /* Frameworks */ = {
			isa = PBXFrameworksBuildPhase;
			buildActionMask = 2147483647;
			files = (
			);
			runOnlyForDeploymentPostprocessing = 0;
		};
		02EEF16B274A08E100DDABD9 /* Frameworks */ = {
			isa = PBXFrameworksBuildPhase;
			buildActionMask = 2147483647;
			files = (
			);
			runOnlyForDeploymentPostprocessing = 0;
		};
/* End PBXFrameworksBuildPhase section */

/* Begin PBXGroup section */
		024928DD275015A9002FAA46 /* ViewModels */ = {
			isa = PBXGroup;
			children = (
				024928D727501414002FAA46 /* GameViewModel.swift */,
				024928DA27501599002FAA46 /* KeyboardViewModel.swift */,
				024928E027501828002FAA46 /* WordViewModel.swift */,
			);
			path = ViewModels;
			sourceTree = "<group>";
		};
		024928DE275015AF002FAA46 /* Views */ = {
			isa = PBXGroup;
			children = (
				024928D4275013CD002FAA46 /* ContentView.swift */,
				024928D12750136D002FAA46 /* GameView.swift */,
				02EEF14F274A08E100DDABD9 /* KeyboardView.swift */,
				029A7DA4274F69EF00C3FD1B /* WordView.swift */,
			);
			path = Views;
			sourceTree = "<group>";
		};
		024928DF275015B3002FAA46 /* Models */ = {
			isa = PBXGroup;
			children = (
				02EEF18A274A0AAE00DDABD9 /* Keyboard.swift */,
			);
			path = Models;
			sourceTree = "<group>";
		};
		02EEF148274A08E100DDABD9 = {
			isa = PBXGroup;
			children = (
				02EEF14D274A08E100DDABD9 /* Shared */,
				02EEF15C274A08E100DDABD9 /* macOS */,
				02EEF165274A08E100DDABD9 /* Tests iOS */,
				02EEF171274A08E100DDABD9 /* Tests macOS */,
				02EEF156274A08E100DDABD9 /* Products */,
			);
			sourceTree = "<group>";
		};
		02EEF14D274A08E100DDABD9 /* Shared */ = {
			isa = PBXGroup;
			children = (
				02EEF14E274A08E100DDABD9 /* keyboardGameApp.swift */,
				024928DE275015AF002FAA46 /* Views */,
				024928DD275015A9002FAA46 /* ViewModels */,
				024928DF275015B3002FAA46 /* Models */,
				02EEF150274A08E100DDABD9 /* Assets.xcassets */,
			);
			path = Shared;
			sourceTree = "<group>";
		};
		02EEF156274A08E100DDABD9 /* Products */ = {
			isa = PBXGroup;
			children = (
				02EEF155274A08E100DDABD9 /* keyboardGame.app */,
				02EEF15B274A08E100DDABD9 /* keyboardGame.app */,
				02EEF162274A08E100DDABD9 /* Tests iOS.xctest */,
				02EEF16E274A08E100DDABD9 /* Tests macOS.xctest */,
			);
			name = Products;
			sourceTree = "<group>";
		};
		02EEF15C274A08E100DDABD9 /* macOS */ = {
			isa = PBXGroup;
			children = (
				02EEF15D274A08E100DDABD9 /* macOS.entitlements */,
			);
			path = macOS;
			sourceTree = "<group>";
		};
		02EEF165274A08E100DDABD9 /* Tests iOS */ = {
			isa = PBXGroup;
			children = (
				02EEF166274A08E100DDABD9 /* Tests_iOS.swift */,
				02EEF168274A08E100DDABD9 /* Tests_iOSLaunchTests.swift */,
			);
			path = "Tests iOS";
			sourceTree = "<group>";
		};
		02EEF171274A08E100DDABD9 /* Tests macOS */ = {
			isa = PBXGroup;
			children = (
				02EEF172274A08E100DDABD9 /* Tests_macOS.swift */,
				02EEF174274A08E100DDABD9 /* Tests_macOSLaunchTests.swift */,
			);
			path = "Tests macOS";
			sourceTree = "<group>";
		};
/* End PBXGroup section */

/* Begin PBXNativeTarget section */
		02EEF154274A08E100DDABD9 /* keyboardGame (iOS) */ = {
			isa = PBXNativeTarget;
			buildConfigurationList = 02EEF17E274A08E100DDABD9 /* Build configuration list for PBXNativeTarget "keyboardGame (iOS)" */;
			buildPhases = (
				02EEF151274A08E100DDABD9 /* Sources */,
				02EEF152274A08E100DDABD9 /* Frameworks */,
				02EEF153274A08E100DDABD9 /* Resources */,
			);
			buildRules = (
			);
			dependencies = (
			);
			name = "keyboardGame (iOS)";
			productName = "keyboardGame (iOS)";
			productReference = 02EEF155274A08E100DDABD9 /* keyboardGame.app */;
			productType = "com.apple.product-type.application";
		};
		02EEF15A274A08E100DDABD9 /* keyboardGame (macOS) */ = {
			isa = PBXNativeTarget;
			buildConfigurationList = 02EEF181274A08E100DDABD9 /* Build configuration list for PBXNativeTarget "keyboardGame (macOS)" */;
			buildPhases = (
				02EEF157274A08E100DDABD9 /* Sources */,
				02EEF158274A08E100DDABD9 /* Frameworks */,
				02EEF159274A08E100DDABD9 /* Resources */,
			);
			buildRules = (
			);
			dependencies = (
			);
			name = "keyboardGame (macOS)";
			productName = "keyboardGame (macOS)";
			productReference = 02EEF15B274A08E100DDABD9 /* keyboardGame.app */;
			productType = "com.apple.product-type.application";
		};
		02EEF161274A08E100DDABD9 /* Tests iOS */ = {
			isa = PBXNativeTarget;
			buildConfigurationList = 02EEF184274A08E100DDABD9 /* Build configuration list for PBXNativeTarget "Tests iOS" */;
			buildPhases = (
				02EEF15E274A08E100DDABD9 /* Sources */,
				02EEF15F274A08E100DDABD9 /* Frameworks */,
				02EEF160274A08E100DDABD9 /* Resources */,
			);
			buildRules = (
			);
			dependencies = (
				02EEF164274A08E100DDABD9 /* PBXTargetDependency */,
			);
			name = "Tests iOS";
			productName = "Tests iOS";
			productReference = 02EEF162274A08E100DDABD9 /* Tests iOS.xctest */;
			productType = "com.apple.product-type.bundle.ui-testing";
		};
		02EEF16D274A08E100DDABD9 /* Tests macOS */ = {
			isa = PBXNativeTarget;
			buildConfigurationList = 02EEF187274A08E100DDABD9 /* Build configuration list for PBXNativeTarget "Tests macOS" */;
			buildPhases = (
				02EEF16A274A08E100DDABD9 /* Sources */,
				02EEF16B274A08E100DDABD9 /* Frameworks */,
				02EEF16C274A08E100DDABD9 /* Resources */,
			);
			buildRules = (
			);
			dependencies = (
				02EEF170274A08E100DDABD9 /* PBXTargetDependency */,
			);
			name = "Tests macOS";
			productName = "Tests macOS";
			productReference = 02EEF16E274A08E100DDABD9 /* Tests macOS.xctest */;
			productType = "com.apple.product-type.bundle.ui-testing";
		};
/* End PBXNativeTarget section */

/* Begin PBXProject section */
		02EEF149274A08E100DDABD9 /* Project object */ = {
			isa = PBXProject;
			attributes = {
				BuildIndependentTargetsInParallel = 1;
				LastSwiftUpdateCheck = 1310;
				LastUpgradeCheck = 1310;
				TargetAttributes = {
					02EEF154274A08E100DDABD9 = {
						CreatedOnToolsVersion = 13.1;
					};
					02EEF15A274A08E100DDABD9 = {
						CreatedOnToolsVersion = 13.1;
					};
					02EEF161274A08E100DDABD9 = {
						CreatedOnToolsVersion = 13.1;
						TestTargetID = 02EEF154274A08E100DDABD9;
					};
					02EEF16D274A08E100DDABD9 = {
						CreatedOnToolsVersion = 13.1;
						TestTargetID = 02EEF15A274A08E100DDABD9;
					};
				};
			};
			buildConfigurationList = 02EEF14C274A08E100DDABD9 /* Build configuration list for PBXProject "keyboardGame" */;
			compatibilityVersion = "Xcode 13.0";
			developmentRegion = en;
			hasScannedForEncodings = 0;
			knownRegions = (
				en,
				Base,
			);
			mainGroup = 02EEF148274A08E100DDABD9;
			productRefGroup = 02EEF156274A08E100DDABD9 /* Products */;
			projectDirPath = "";
			projectRoot = "";
			targets = (
				02EEF154274A08E100DDABD9 /* keyboardGame (iOS) */,
				02EEF15A274A08E100DDABD9 /* keyboardGame (macOS) */,
				02EEF161274A08E100DDABD9 /* Tests iOS */,
				02EEF16D274A08E100DDABD9 /* Tests macOS */,
			);
		};
/* End PBXProject section */

/* Begin PBXResourcesBuildPhase section */
		02EEF153274A08E100DDABD9 /* Resources */ = {
			isa = PBXResourcesBuildPhase;
			buildActionMask = 2147483647;
			files = (
				02EEF17A274A08E100DDABD9 /* Assets.xcassets in Resources */,
			);
			runOnlyForDeploymentPostprocessing = 0;
		};
		02EEF159274A08E100DDABD9 /* Resources */ = {
			isa = PBXResourcesBuildPhase;
			buildActionMask = 2147483647;
			files = (
				02EEF17B274A08E100DDABD9 /* Assets.xcassets in Resources */,
			);
			runOnlyForDeploymentPostprocessing = 0;
		};
		02EEF160274A08E100DDABD9 /* Resources */ = {
			isa = PBXResourcesBuildPhase;
			buildActionMask = 2147483647;
			files = (
			);
			runOnlyForDeploymentPostprocessing = 0;
		};
		02EEF16C274A08E100DDABD9 /* Resources */ = {
			isa = PBXResourcesBuildPhase;
			buildActionMask = 2147483647;
			files = (
			);
			runOnlyForDeploymentPostprocessing = 0;
		};
/* End PBXResourcesBuildPhase section */

/* Begin PBXSourcesBuildPhase section */
		02EEF151274A08E100DDABD9 /* Sources */ = {
			isa = PBXSourcesBuildPhase;
			buildActionMask = 2147483647;
			files = (
				024928E127501828002FAA46 /* WordViewModel.swift in Sources */,
				029A7DA5274F69EF00C3FD1B /* WordView.swift in Sources */,
				02EEF178274A08E100DDABD9 /* KeyboardView.swift in Sources */,
				024928D5275013CD002FAA46 /* ContentView.swift in Sources */,
				02EEF18B274A0AAE00DDABD9 /* Keyboard.swift in Sources */,
				02EEF176274A08E100DDABD9 /* keyboardGameApp.swift in Sources */,
				024928D22750136D002FAA46 /* GameView.swift in Sources */,
				024928D827501414002FAA46 /* GameViewModel.swift in Sources */,
				024928DB27501599002FAA46 /* KeyboardViewModel.swift in Sources */,
			);
			runOnlyForDeploymentPostprocessing = 0;
		};
		02EEF157274A08E100DDABD9 /* Sources */ = {
			isa = PBXSourcesBuildPhase;
			buildActionMask = 2147483647;
			files = (
				024928E227501828002FAA46 /* WordViewModel.swift in Sources */,
				029A7DA6274F69EF00C3FD1B /* WordView.swift in Sources */,
				02EEF179274A08E100DDABD9 /* KeyboardView.swift in Sources */,
				024928D6275013CD002FAA46 /* ContentView.swift in Sources */,
				02EEF18C274A0AAE00DDABD9 /* Keyboard.swift in Sources */,
				02EEF177274A08E100DDABD9 /* keyboardGameApp.swift in Sources */,
				024928D32750136D002FAA46 /* GameView.swift in Sources */,
				024928D927501414002FAA46 /* GameViewModel.swift in Sources */,
				024928DC27501599002FAA46 /* KeyboardViewModel.swift in Sources */,
			);
			runOnlyForDeploymentPostprocessing = 0;
		};
		02EEF15E274A08E100DDABD9 /* Sources */ = {
			isa = PBXSourcesBuildPhase;
			buildActionMask = 2147483647;
			files = (
				02EEF169274A08E100DDABD9 /* Tests_iOSLaunchTests.swift in Sources */,
				02EEF167274A08E100DDABD9 /* Tests_iOS.swift in Sources */,
			);
			runOnlyForDeploymentPostprocessing = 0;
		};
		02EEF16A274A08E100DDABD9 /* Sources */ = {
			isa = PBXSourcesBuildPhase;
			buildActionMask = 2147483647;
			files = (
				02EEF175274A08E100DDABD9 /* Tests_macOSLaunchTests.swift in Sources */,
				02EEF173274A08E100DDABD9 /* Tests_macOS.swift in Sources */,
			);
			runOnlyForDeploymentPostprocessing = 0;
		};
/* End PBXSourcesBuildPhase section */

/* Begin PBXTargetDependency section */
		02EEF164274A08E100DDABD9 /* PBXTargetDependency */ = {
			isa = PBXTargetDependency;
			target = 02EEF154274A08E100DDABD9 /* keyboardGame (iOS) */;
			targetProxy = 02EEF163274A08E100DDABD9 /* PBXContainerItemProxy */;
		};
		02EEF170274A08E100DDABD9 /* PBXTargetDependency */ = {
			isa = PBXTargetDependency;
			target = 02EEF15A274A08E100DDABD9 /* keyboardGame (macOS) */;
			targetProxy = 02EEF16F274A08E100DDABD9 /* PBXContainerItemProxy */;
		};
/* End PBXTargetDependency section */

/* Begin XCBuildConfiguration section */
		02EEF17C274A08E100DDABD9 /* Debug */ = {
			isa = XCBuildConfiguration;
			buildSettings = {
				ALWAYS_SEARCH_USER_PATHS = NO;
				CLANG_ANALYZER_NONNULL = YES;
				CLANG_ANALYZER_NUMBER_OBJECT_CONVERSION = YES_AGGRESSIVE;
				CLANG_CXX_LANGUAGE_STANDARD = "gnu++17";
				CLANG_CXX_LIBRARY = "libc++";
				CLANG_ENABLE_MODULES = YES;
				CLANG_ENABLE_OBJC_ARC = YES;
				CLANG_ENABLE_OBJC_WEAK = YES;
				CLANG_WARN_BLOCK_CAPTURE_AUTORELEASING = YES;
				CLANG_WARN_BOOL_CONVERSION = YES;
				CLANG_WARN_COMMA = YES;
				CLANG_WARN_CONSTANT_CONVERSION = YES;
				CLANG_WARN_DEPRECATED_OBJC_IMPLEMENTATIONS = YES;
				CLANG_WARN_DIRECT_OBJC_ISA_USAGE = YES_ERROR;
				CLANG_WARN_DOCUMENTATION_COMMENTS = YES;
				CLANG_WARN_EMPTY_BODY = YES;
				CLANG_WARN_ENUM_CONVERSION = YES;
				CLANG_WARN_INFINITE_RECURSION = YES;
				CLANG_WARN_INT_CONVERSION = YES;
				CLANG_WARN_NON_LITERAL_NULL_CONVERSION = YES;
				CLANG_WARN_OBJC_IMPLICIT_RETAIN_SELF = YES;
				CLANG_WARN_OBJC_LITERAL_CONVERSION = YES;
				CLANG_WARN_OBJC_ROOT_CLASS = YES_ERROR;
				CLANG_WARN_QUOTED_INCLUDE_IN_FRAMEWORK_HEADER = YES;
				CLANG_WARN_RANGE_LOOP_ANALYSIS = YES;
				CLANG_WARN_STRICT_PROTOTYPES = YES;
				CLANG_WARN_SUSPICIOUS_MOVE = YES;
				CLANG_WARN_UNGUARDED_AVAILABILITY = YES_AGGRESSIVE;
				CLANG_WARN_UNREACHABLE_CODE = YES;
				CLANG_WARN__DUPLICATE_METHOD_MATCH = YES;
				COPY_PHASE_STRIP = NO;
				DEBUG_INFORMATION_FORMAT = dwarf;
				ENABLE_STRICT_OBJC_MSGSEND = YES;
				ENABLE_TESTABILITY = YES;
				GCC_C_LANGUAGE_STANDARD = gnu11;
				GCC_DYNAMIC_NO_PIC = NO;
				GCC_NO_COMMON_BLOCKS = YES;
				GCC_OPTIMIZATION_LEVEL = 0;
				GCC_PREPROCESSOR_DEFINITIONS = (
					"DEBUG=1",
					"$(inherited)",
				);
				GCC_WARN_64_TO_32_BIT_CONVERSION = YES;
				GCC_WARN_ABOUT_RETURN_TYPE = YES_ERROR;
				GCC_WARN_UNDECLARED_SELECTOR = YES;
				GCC_WARN_UNINITIALIZED_AUTOS = YES_AGGRESSIVE;
				GCC_WARN_UNUSED_FUNCTION = YES;
				GCC_WARN_UNUSED_VARIABLE = YES;
				MTL_ENABLE_DEBUG_INFO = INCLUDE_SOURCE;
				MTL_FAST_MATH = YES;
				ONLY_ACTIVE_ARCH = YES;
				SWIFT_ACTIVE_COMPILATION_CONDITIONS = DEBUG;
				SWIFT_OPTIMIZATION_LEVEL = "-Onone";
			};
			name = Debug;
		};
		02EEF17D274A08E100DDABD9 /* Release */ = {
			isa = XCBuildConfiguration;
			buildSettings = {
				ALWAYS_SEARCH_USER_PATHS = NO;
				CLANG_ANALYZER_NONNULL = YES;
				CLANG_ANALYZER_NUMBER_OBJECT_CONVERSION = YES_AGGRESSIVE;
				CLANG_CXX_LANGUAGE_STANDARD = "gnu++17";
				CLANG_CXX_LIBRARY = "libc++";
				CLANG_ENABLE_MODULES = YES;
				CLANG_ENABLE_OBJC_ARC = YES;
				CLANG_ENABLE_OBJC_WEAK = YES;
				CLANG_WARN_BLOCK_CAPTURE_AUTORELEASING = YES;
				CLANG_WARN_BOOL_CONVERSION = YES;
				CLANG_WARN_COMMA = YES;
				CLANG_WARN_CONSTANT_CONVERSION = YES;
				CLANG_WARN_DEPRECATED_OBJC_IMPLEMENTATIONS = YES;
				CLANG_WARN_DIRECT_OBJC_ISA_USAGE = YES_ERROR;
				CLANG_WARN_DOCUMENTATION_COMMENTS = YES;
				CLANG_WARN_EMPTY_BODY = YES;
				CLANG_WARN_ENUM_CONVERSION = YES;
				CLANG_WARN_INFINITE_RECURSION = YES;
				CLANG_WARN_INT_CONVERSION = YES;
				CLANG_WARN_NON_LITERAL_NULL_CONVERSION = YES;
				CLANG_WARN_OBJC_IMPLICIT_RETAIN_SELF = YES;
				CLANG_WARN_OBJC_LITERAL_CONVERSION = YES;
				CLANG_WARN_OBJC_ROOT_CLASS = YES_ERROR;
				CLANG_WARN_QUOTED_INCLUDE_IN_FRAMEWORK_HEADER = YES;
				CLANG_WARN_RANGE_LOOP_ANALYSIS = YES;
				CLANG_WARN_STRICT_PROTOTYPES = YES;
				CLANG_WARN_SUSPICIOUS_MOVE = YES;
				CLANG_WARN_UNGUARDED_AVAILABILITY = YES_AGGRESSIVE;
				CLANG_WARN_UNREACHABLE_CODE = YES;
				CLANG_WARN__DUPLICATE_METHOD_MATCH = YES;
				COPY_PHASE_STRIP = NO;
				DEBUG_INFORMATION_FORMAT = "dwarf-with-dsym";
				ENABLE_NS_ASSERTIONS = NO;
				ENABLE_STRICT_OBJC_MSGSEND = YES;
				GCC_C_LANGUAGE_STANDARD = gnu11;
				GCC_NO_COMMON_BLOCKS = YES;
				GCC_WARN_64_TO_32_BIT_CONVERSION = YES;
				GCC_WARN_ABOUT_RETURN_TYPE = YES_ERROR;
				GCC_WARN_UNDECLARED_SELECTOR = YES;
				GCC_WARN_UNINITIALIZED_AUTOS = YES_AGGRESSIVE;
				GCC_WARN_UNUSED_FUNCTION = YES;
				GCC_WARN_UNUSED_VARIABLE = YES;
				MTL_ENABLE_DEBUG_INFO = NO;
				MTL_FAST_MATH = YES;
				SWIFT_COMPILATION_MODE = wholemodule;
				SWIFT_OPTIMIZATION_LEVEL = "-O";
			};
			name = Release;
		};
		02EEF17F274A08E100DDABD9 /* Debug */ = {
			isa = XCBuildConfiguration;
			buildSettings = {
				ASSETCATALOG_COMPILER_APPICON_NAME = AppIcon;
				ASSETCATALOG_COMPILER_GLOBAL_ACCENT_COLOR_NAME = AccentColor;
				CODE_SIGN_STYLE = Automatic;
				CURRENT_PROJECT_VERSION = 1;
				DEVELOPMENT_TEAM = E88BK26E9L;
				ENABLE_PREVIEWS = YES;
				GENERATE_INFOPLIST_FILE = YES;
				INFOPLIST_KEY_UIApplicationSceneManifest_Generation = YES;
				INFOPLIST_KEY_UIApplicationSupportsIndirectInputEvents = YES;
				INFOPLIST_KEY_UILaunchScreen_Generation = YES;
				INFOPLIST_KEY_UISupportedInterfaceOrientations_iPad = "UIInterfaceOrientationPortrait UIInterfaceOrientationPortraitUpsideDown UIInterfaceOrientationLandscapeLeft UIInterfaceOrientationLandscapeRight";
				INFOPLIST_KEY_UISupportedInterfaceOrientations_iPhone = "UIInterfaceOrientationPortrait UIInterfaceOrientationLandscapeLeft UIInterfaceOrientationLandscapeRight";
				IPHONEOS_DEPLOYMENT_TARGET = 15.0;
				LD_RUNPATH_SEARCH_PATHS = (
					"$(inherited)",
					"@executable_path/Frameworks",
				);
				MARKETING_VERSION = 1.0;
				PRODUCT_BUNDLE_IDENTIFIER = beaglepig.keyboardGame;
				PRODUCT_NAME = keyboardGame;
				SDKROOT = iphoneos;
				SWIFT_EMIT_LOC_STRINGS = YES;
				SWIFT_VERSION = 5.0;
				TARGETED_DEVICE_FAMILY = "1,2";
			};
			name = Debug;
		};
		02EEF180274A08E100DDABD9 /* Release */ = {
			isa = XCBuildConfiguration;
			buildSettings = {
				ASSETCATALOG_COMPILER_APPICON_NAME = AppIcon;
				ASSETCATALOG_COMPILER_GLOBAL_ACCENT_COLOR_NAME = AccentColor;
				CODE_SIGN_STYLE = Automatic;
				CURRENT_PROJECT_VERSION = 1;
				DEVELOPMENT_TEAM = E88BK26E9L;
				ENABLE_PREVIEWS = YES;
				GENERATE_INFOPLIST_FILE = YES;
				INFOPLIST_KEY_UIApplicationSceneManifest_Generation = YES;
				INFOPLIST_KEY_UIApplicationSupportsIndirectInputEvents = YES;
				INFOPLIST_KEY_UILaunchScreen_Generation = YES;
				INFOPLIST_KEY_UISupportedInterfaceOrientations_iPad = "UIInterfaceOrientationPortrait UIInterfaceOrientationPortraitUpsideDown UIInterfaceOrientationLandscapeLeft UIInterfaceOrientationLandscapeRight";
				INFOPLIST_KEY_UISupportedInterfaceOrientations_iPhone = "UIInterfaceOrientationPortrait UIInterfaceOrientationLandscapeLeft UIInterfaceOrientationLandscapeRight";
				IPHONEOS_DEPLOYMENT_TARGET = 15.0;
				LD_RUNPATH_SEARCH_PATHS = (
					"$(inherited)",
					"@executable_path/Frameworks",
				);
				MARKETING_VERSION = 1.0;
				PRODUCT_BUNDLE_IDENTIFIER = beaglepig.keyboardGame;
				PRODUCT_NAME = keyboardGame;
				SDKROOT = iphoneos;
				SWIFT_EMIT_LOC_STRINGS = YES;
				SWIFT_VERSION = 5.0;
				TARGETED_DEVICE_FAMILY = "1,2";
				VALIDATE_PRODUCT = YES;
			};
			name = Release;
		};
		02EEF182274A08E100DDABD9 /* Debug */ = {
			isa = XCBuildConfiguration;
			buildSettings = {
				ASSETCATALOG_COMPILER_APPICON_NAME = AppIcon;
				ASSETCATALOG_COMPILER_GLOBAL_ACCENT_COLOR_NAME = AccentColor;
				CODE_SIGN_ENTITLEMENTS = macOS/macOS.entitlements;
				CODE_SIGN_STYLE = Automatic;
				COMBINE_HIDPI_IMAGES = YES;
				CURRENT_PROJECT_VERSION = 1;
				DEVELOPMENT_TEAM = E88BK26E9L;
				ENABLE_HARDENED_RUNTIME = YES;
				ENABLE_PREVIEWS = YES;
				GENERATE_INFOPLIST_FILE = YES;
				INFOPLIST_KEY_NSHumanReadableCopyright = "";
				LD_RUNPATH_SEARCH_PATHS = (
					"$(inherited)",
					"@executable_path/../Frameworks",
				);
				MACOSX_DEPLOYMENT_TARGET = 12.0;
				MARKETING_VERSION = 1.0;
				PRODUCT_BUNDLE_IDENTIFIER = beaglepig.keyboardGame;
				PRODUCT_NAME = keyboardGame;
				SDKROOT = macosx;
				SWIFT_EMIT_LOC_STRINGS = YES;
				SWIFT_VERSION = 5.0;
			};
			name = Debug;
		};
		02EEF183274A08E100DDABD9 /* Release */ = {
			isa = XCBuildConfiguration;
			buildSettings = {
				ASSETCATALOG_COMPILER_APPICON_NAME = AppIcon;
				ASSETCATALOG_COMPILER_GLOBAL_ACCENT_COLOR_NAME = AccentColor;
				CODE_SIGN_ENTITLEMENTS = macOS/macOS.entitlements;
				CODE_SIGN_STYLE = Automatic;
				COMBINE_HIDPI_IMAGES = YES;
				CURRENT_PROJECT_VERSION = 1;
				DEVELOPMENT_TEAM = E88BK26E9L;
				ENABLE_HARDENED_RUNTIME = YES;
				ENABLE_PREVIEWS = YES;
				GENERATE_INFOPLIST_FILE = YES;
				INFOPLIST_KEY_NSHumanReadableCopyright = "";
				LD_RUNPATH_SEARCH_PATHS = (
					"$(inherited)",
					"@executable_path/../Frameworks",
				);
				MACOSX_DEPLOYMENT_TARGET = 12.0;
				MARKETING_VERSION = 1.0;
				PRODUCT_BUNDLE_IDENTIFIER = beaglepig.keyboardGame;
				PRODUCT_NAME = keyboardGame;
				SDKROOT = macosx;
				SWIFT_EMIT_LOC_STRINGS = YES;
				SWIFT_VERSION = 5.0;
			};
			name = Release;
		};
		02EEF185274A08E100DDABD9 /* Debug */ = {
			isa = XCBuildConfiguration;
			buildSettings = {
				ALWAYS_EMBED_SWIFT_STANDARD_LIBRARIES = YES;
				CODE_SIGN_STYLE = Automatic;
				CURRENT_PROJECT_VERSION = 1;
				DEVELOPMENT_TEAM = E88BK26E9L;
				GENERATE_INFOPLIST_FILE = YES;
				IPHONEOS_DEPLOYMENT_TARGET = 15.0;
				LD_RUNPATH_SEARCH_PATHS = (
					"$(inherited)",
					"@executable_path/Frameworks",
					"@loader_path/Frameworks",
				);
				MARKETING_VERSION = 1.0;
				PRODUCT_BUNDLE_IDENTIFIER = "beaglepig.Tests-iOS";
				PRODUCT_NAME = "$(TARGET_NAME)";
				SDKROOT = iphoneos;
				SWIFT_EMIT_LOC_STRINGS = NO;
				SWIFT_VERSION = 5.0;
				TARGETED_DEVICE_FAMILY = "1,2";
				TEST_TARGET_NAME = "keyboardGame (iOS)";
			};
			name = Debug;
		};
		02EEF186274A08E100DDABD9 /* Release */ = {
			isa = XCBuildConfiguration;
			buildSettings = {
				ALWAYS_EMBED_SWIFT_STANDARD_LIBRARIES = YES;
				CODE_SIGN_STYLE = Automatic;
				CURRENT_PROJECT_VERSION = 1;
				DEVELOPMENT_TEAM = E88BK26E9L;
				GENERATE_INFOPLIST_FILE = YES;
				IPHONEOS_DEPLOYMENT_TARGET = 15.0;
				LD_RUNPATH_SEARCH_PATHS = (
					"$(inherited)",
					"@executable_path/Frameworks",
					"@loader_path/Frameworks",
				);
				MARKETING_VERSION = 1.0;
				PRODUCT_BUNDLE_IDENTIFIER = "beaglepig.Tests-iOS";
				PRODUCT_NAME = "$(TARGET_NAME)";
				SDKROOT = iphoneos;
				SWIFT_EMIT_LOC_STRINGS = NO;
				SWIFT_VERSION = 5.0;
				TARGETED_DEVICE_FAMILY = "1,2";
				TEST_TARGET_NAME = "keyboardGame (iOS)";
				VALIDATE_PRODUCT = YES;
			};
			name = Release;
		};
		02EEF188274A08E100DDABD9 /* Debug */ = {
			isa = XCBuildConfiguration;
			buildSettings = {
				ALWAYS_EMBED_SWIFT_STANDARD_LIBRARIES = YES;
				CODE_SIGN_STYLE = Automatic;
				COMBINE_HIDPI_IMAGES = YES;
				CURRENT_PROJECT_VERSION = 1;
				DEVELOPMENT_TEAM = E88BK26E9L;
				GENERATE_INFOPLIST_FILE = YES;
				LD_RUNPATH_SEARCH_PATHS = (
					"$(inherited)",
					"@executable_path/../Frameworks",
					"@loader_path/../Frameworks",
				);
				MACOSX_DEPLOYMENT_TARGET = 12.0;
				MARKETING_VERSION = 1.0;
				PRODUCT_BUNDLE_IDENTIFIER = "beaglepig.Tests-macOS";
				PRODUCT_NAME = "$(TARGET_NAME)";
				SDKROOT = macosx;
				SWIFT_EMIT_LOC_STRINGS = NO;
				SWIFT_VERSION = 5.0;
				TEST_TARGET_NAME = "keyboardGame (macOS)";
			};
			name = Debug;
		};
		02EEF189274A08E100DDABD9 /* Release */ = {
			isa = XCBuildConfiguration;
			buildSettings = {
				ALWAYS_EMBED_SWIFT_STANDARD_LIBRARIES = YES;
				CODE_SIGN_STYLE = Automatic;
				COMBINE_HIDPI_IMAGES = YES;
				CURRENT_PROJECT_VERSION = 1;
				DEVELOPMENT_TEAM = E88BK26E9L;
				GENERATE_INFOPLIST_FILE = YES;
				LD_RUNPATH_SEARCH_PATHS = (
					"$(inherited)",
					"@executable_path/../Frameworks",
					"@loader_path/../Frameworks",
				);
				MACOSX_DEPLOYMENT_TARGET = 12.0;
				MARKETING_VERSION = 1.0;
				PRODUCT_BUNDLE_IDENTIFIER = "beaglepig.Tests-macOS";
				PRODUCT_NAME = "$(TARGET_NAME)";
				SDKROOT = macosx;
				SWIFT_EMIT_LOC_STRINGS = NO;
				SWIFT_VERSION = 5.0;
				TEST_TARGET_NAME = "keyboardGame (macOS)";
			};
			name = Release;
		};
/* End XCBuildConfiguration section */

/* Begin XCConfigurationList section */
		02EEF14C274A08E100DDABD9 /* Build configuration list for PBXProject "keyboardGame" */ = {
			isa = XCConfigurationList;
			buildConfigurations = (
				02EEF17C274A08E100DDABD9 /* Debug */,
				02EEF17D274A08E100DDABD9 /* Release */,
			);
			defaultConfigurationIsVisible = 0;
			defaultConfigurationName = Release;
		};
		02EEF17E274A08E100DDABD9 /* Build configuration list for PBXNativeTarget "keyboardGame (iOS)" */ = {
			isa = XCConfigurationList;
			buildConfigurations = (
				02EEF17F274A08E100DDABD9 /* Debug */,
				02EEF180274A08E100DDABD9 /* Release */,
			);
			defaultConfigurationIsVisible = 0;
			defaultConfigurationName = Release;
		};
		02EEF181274A08E100DDABD9 /* Build configuration list for PBXNativeTarget "keyboardGame (macOS)" */ = {
			isa = XCConfigurationList;
			buildConfigurations = (
				02EEF182274A08E100DDABD9 /* Debug */,
				02EEF183274A08E100DDABD9 /* Release */,
			);
			defaultConfigurationIsVisible = 0;
			defaultConfigurationName = Release;
		};
		02EEF184274A08E100DDABD9 /* Build configuration list for PBXNativeTarget "Tests iOS" */ = {
			isa = XCConfigurationList;
			buildConfigurations = (
				02EEF185274A08E100DDABD9 /* Debug */,
				02EEF186274A08E100DDABD9 /* Release */,
			);
			defaultConfigurationIsVisible = 0;
			defaultConfigurationName = Release;
		};
		02EEF187274A08E100DDABD9 /* Build configuration list for PBXNativeTarget "Tests macOS" */ = {
			isa = XCConfigurationList;
			buildConfigurations = (
				02EEF188274A08E100DDABD9 /* Debug */,
				02EEF189274A08E100DDABD9 /* Release */,
			);
			defaultConfigurationIsVisible = 0;
			defaultConfigurationName = Release;
		};
/* End XCConfigurationList section */
	};
	rootObject = 02EEF149274A08E100DDABD9 /* Project object */;
}
